
Microsoft Visual Studio Solution File, Format Version 12.00
# Visual Studio Version 16
VisualStudioVersion = 16.0.31005.135
MinimumVisualStudioVersion = 10.0.40219.1
Project("{FAE04EC0-301F-11D3-BF4B-00C04F79EFBC}") = "EJ5", "EJ5\EJ5.csproj", "{367FCD3D-547E-4D56-B3CE-C595114A5CFC}"
EndProject
Global
	GlobalSection(SolutionConfigurationPlatforms) = preSolution
		Debug|Any CPU = Debug|Any CPU
		Release|Any CPU = Release|Any CPU
	EndGlobalSection
	GlobalSection(ProjectConfigurationPlatforms) = postSolution
		{367FCD3D-547E-4D56-B3CE-C595114A5CFC}.Debug|Any CPU.ActiveCfg = Debug|Any CPU
		{367FCD3D-547E-4D56-B3CE-C595114A5CFC}.Debug|Any CPU.Build.0 = Debug|Any CPU
		{367FCD3D-547E-4D56-B3CE-C595114A5CFC}.Release|Any CPU.ActiveCfg = Release|Any CPU
		{367FCD3D-547E-4D56-B3CE-C595114A5CFC}.Release|Any CPU.Build.0 = Release|Any CPU
	EndGlobalSection
	GlobalSection(SolutionProperties) = preSolution
		HideSolutionNode = FALSE
	EndGlobalSection
	GlobalSection(ExtensibilityGlobals) = postSolution
		SolutionGuid = {3B608515-99DA-464B-8FE7-BFB91DDE0F1B}
	EndGlobalSection
EndGlobal
